<?xml version="1.0" encoding="UTF-8"?>
<Scheme
   LastUpgradeVersion = "1240"
   version = "1.3">
   <BuildAction
      parallelizeBuildables = "YES"
      buildImplicitDependencies = "YES">
      <BuildActionEntries>
         <BuildActionEntry
            buildForTesting = "YES"
            buildForRunning = "YES"
            buildForProfiling = "YES"
            buildForArchiving = "YES"
            buildForAnalyzing = "YES">
            <BuildableReference
               BuildableIdentifier = "primary"
               BlueprintIdentifier = "6E8CFFC8255175350002D202"
               BuildableName = "ForPigPyo.app"
               BlueprintName = "ForPigPyo"
               ReferencedContainer = "container:ForPigPyo.xcodeproj">
            </BuildableReference>
         </BuildActionEntry>
      </BuildActionEntries>
   </BuildAction>
   <TestAction
      buildConfiguration = "Debug"
      selectedDebuggerIdentifier = "Xcode.DebuggerFoundation.Debugger.LLDB"
      selectedLauncherIdentifier = "Xcode.DebuggerFoundation.Launcher.LLDB"
      shouldUseLaunchSchemeArgsEnv = "YES">
      <Testables>
         <TestableReference
            skipped = "NO">
            <BuildableReference
               BuildableIdentifier = "primary"
               BlueprintIdentifier = "6E8CFFE1255175390002D202"
               BuildableName = "ForPigPyoTests.xctest"
               BlueprintName = "ForPigPyoTests"
               ReferencedContainer = "container:ForPigPyo.xcodeproj">
            </BuildableReference>
         </TestableReference>
         <TestableReference
            skipped = "NO">
            <BuildableReference
               BuildableIdentifier = "primary"
               BlueprintIdentifier = "6E8CFFEC255175390002D202"
               BuildableName = "ForPigPyoUITests.xctest"
               BlueprintName = "ForPigPyoUITests"
               ReferencedContainer = "container:ForPigPyo.xcodeproj">
            </BuildableReference>
         </TestableReference>
      </Testables>
   </TestAction>
   <LaunchAction
      buildConfiguration = "Debug"
      selectedDebuggerIdentifier = "Xcode.DebuggerFoundation.Debugger.LLDB"
      selectedLauncherIdentifier = "Xcode.DebuggerFoundation.Launcher.LLDB"
      launchStyle = "0"
      useCustomWorkingDirectory = "NO"
      ignoresPersistentStateOnLaunch = "NO"
      debugDocumentVersioning = "YES"
      debugServiceExtension = "internal"
      allowLocationSimulation = "YES">
      <BuildableProductRunnable
         runnableDebuggingMode = "0">
         <BuildableReference
            BuildableIdentifier = "primary"
            BlueprintIdentifier = "6E8CFFC8255175350002D202"
            BuildableName = "ForPigPyo.app"
            BlueprintName = "ForPigPyo"
            ReferencedContainer = "container:ForPigPyo.xcodeproj">
         </BuildableReference>
      </BuildableProductRunnable>
      <AdditionalOptions>
         <AdditionalOption
            key = "MallocStackLogging"
            value = ""
            isEnabled = "YES">
         </AdditionalOption>
         <AdditionalOption
            key = "PrefersMallocStackLoggingLite"
            value = ""
            isEnabled = "YES">
         </AdditionalOption>
         <AdditionalOption
            key = "MallocScribble"
            value = ""
            isEnabled = "YES">
         </AdditionalOption>
      </AdditionalOptions>
   </LaunchAction>
   <ProfileAction
      buildConfiguration = "Release"
      shouldUseLaunchSchemeArgsEnv = "YES"
      savedToolIdentifier = ""
      useCustomWorkingDirectory = "NO"
      debugDocumentVersioning = "YES">
      <BuildableProductRunnable
         runnableDebuggingMode = "0">
         <BuildableReference
            BuildableIdentifier = "primary"
            BlueprintIdentifier = "6E8CFFC8255175350002D202"
            BuildableName = "ForPigPyo.app"
            BlueprintName = "ForPigPyo"
            ReferencedContainer = "container:ForPigPyo.xcodeproj">
         </BuildableReference>
      </BuildableProductRunnable>
   </ProfileAction>
   <AnalyzeAction
      buildConfiguration = "Debug">
   </AnalyzeAction>
   <ArchiveAction
      buildConfiguration = "Release"
      revealArchiveInOrganizer = "YES">
   </ArchiveAction>
</Scheme>
