// !$*UTF8*$!
{
	archiveVersion = 1;
	classes = {
	};
	objectVersion = 51;
	objects = {

/* Begin PBXBuildFile section */
		6E30889925541C43001D006F /* PartTimeCustomCell.swift in Sources */ = {isa = PBXBuildFile; fileRef = 6E30889825541C43001D006F /* PartTimeCustomCell.swift */; };
		6E807C782572740500337550 /* TextField.swift in Sources */ = {isa = PBXBuildFile; fileRef = 6E807C772572740500337550 /* TextField.swift */; };
		6E807C81257288DC00337550 /* HomeVCImagePicker.swift in Sources */ = {isa = PBXBuildFile; fileRef = 6E807C80257288DC00337550 /* HomeVCImagePicker.swift */; };
		6E807C8625728DD600337550 /* HomeVCModel.swift in Sources */ = {isa = PBXBuildFile; fileRef = 6E807C8525728DD600337550 /* HomeVCModel.swift */; };
		6E8552FF2564FC880077302E /* PartTimeSaveView.swift in Sources */ = {isa = PBXBuildFile; fileRef = 6E8552FE2564FC880077302E /* PartTimeSaveView.swift */; };
		6E89CE1C25711A9200E40314 /* BMHANNA_11yrs_otf.otf in Resources */ = {isa = PBXBuildFile; fileRef = 6E89CE1A25711A9200E40314 /* BMHANNA_11yrs_otf.otf */; };
		6E89CE1D25711A9200E40314 /* BMHANNA_11yrs_otf.otf in Resources */ = {isa = PBXBuildFile; fileRef = 6E89CE1A25711A9200E40314 /* BMHANNA_11yrs_otf.otf */; };
		6E89CE1E25711A9200E40314 /* BMHANNA_11yrs_otf.otf in Resources */ = {isa = PBXBuildFile; fileRef = 6E89CE1A25711A9200E40314 /* BMHANNA_11yrs_otf.otf */; };
		6E89CE1F25711A9200E40314 /* BMHANNAAir_otf.otf in Resources */ = {isa = PBXBuildFile; fileRef = 6E89CE1B25711A9200E40314 /* BMHANNAAir_otf.otf */; };
		6E89CE2025711A9200E40314 /* BMHANNAAir_otf.otf in Resources */ = {isa = PBXBuildFile; fileRef = 6E89CE1B25711A9200E40314 /* BMHANNAAir_otf.otf */; };
		6E89CE2125711A9200E40314 /* BMHANNAAir_otf.otf in Resources */ = {isa = PBXBuildFile; fileRef = 6E89CE1B25711A9200E40314 /* BMHANNAAir_otf.otf */; };
		6E8CFFCD255175350002D202 /* AppDelegate.swift in Sources */ = {isa = PBXBuildFile; fileRef = 6E8CFFCC255175350002D202 /* AppDelegate.swift */; };
		6E8CFFD7255175350002D202 /* ForPigPyo.xcdatamodeld in Sources */ = {isa = PBXBuildFile; fileRef = 6E8CFFD5255175350002D202 /* ForPigPyo.xcdatamodeld */; };
		6E8CFFD9255175380002D202 /* Assets.xcassets in Resources */ = {isa = PBXBuildFile; fileRef = 6E8CFFD8255175380002D202 /* Assets.xcassets */; };
		6E8CFFDC255175380002D202 /* LaunchScreen.storyboard in Resources */ = {isa = PBXBuildFile; fileRef = 6E8CFFDA255175380002D202 /* LaunchScreen.storyboard */; };
		6E8CFFE7255175390002D202 /* ForPigPyoTests.swift in Sources */ = {isa = PBXBuildFile; fileRef = 6E8CFFE6255175390002D202 /* ForPigPyoTests.swift */; };
		6E8CFFF2255175390002D202 /* ForPigPyoUITests.swift in Sources */ = {isa = PBXBuildFile; fileRef = 6E8CFFF1255175390002D202 /* ForPigPyoUITests.swift */; };
		6E9076DF25794D3B0079C164 /* EmailVC.swift in Sources */ = {isa = PBXBuildFile; fileRef = 6E9076DE25794D3B0079C164 /* EmailVC.swift */; };
		6E9076F2257A52190079C164 /* EmailView.swift in Sources */ = {isa = PBXBuildFile; fileRef = 6E9076F1257A52190079C164 /* EmailView.swift */; };
		6EAAAB94257E3BC9006758BF /* MyPageVCModel.swift in Sources */ = {isa = PBXBuildFile; fileRef = 6EAAAB93257E3BC9006758BF /* MyPageVCModel.swift */; };
		6EAAAB99257E694B006758BF /* HomeVCCollectionView.swift in Sources */ = {isa = PBXBuildFile; fileRef = 6EAAAB98257E694B006758BF /* HomeVCCollectionView.swift */; };
		6EAAABA1257E6AE6006758BF /* PartTimeVCTableView.swift in Sources */ = {isa = PBXBuildFile; fileRef = 6EAAABA0257E6AE6006758BF /* PartTimeVCTableView.swift */; };
		6EAAABA9257E6B89006758BF /* EmailVCMailCompose.swift in Sources */ = {isa = PBXBuildFile; fileRef = 6EAAABA8257E6B89006758BF /* EmailVCMailCompose.swift */; };
		6EAAABB4257E6BDD006758BF /* MyPageVCTableView.swift in Sources */ = {isa = PBXBuildFile; fileRef = 6EAAABB3257E6BDD006758BF /* MyPageVCTableView.swift */; };
		6EAAABC4257E8275006758BF /* MyPageCustomCell.swift in Sources */ = {isa = PBXBuildFile; fileRef = 6EAAABC3257E8275006758BF /* MyPageCustomCell.swift */; };
		6EAAABC9257E8322006758BF /* HomeCustomItem.swift in Sources */ = {isa = PBXBuildFile; fileRef = 6EAAABC8257E8322006758BF /* HomeCustomItem.swift */; };
		6EAAABD6257E91B8006758BF /* MyPageHeaderCustomSection.swift in Sources */ = {isa = PBXBuildFile; fileRef = 6EAAABD5257E91B8006758BF /* MyPageHeaderCustomSection.swift */; };
		6EAAABDE257EA989006758BF /* EmailVCModel.swift in Sources */ = {isa = PBXBuildFile; fileRef = 6EAAABDD257EA989006758BF /* EmailVCModel.swift */; };
		6EAAABE3257FC021006758BF /* MyPageData.swift in Sources */ = {isa = PBXBuildFile; fileRef = 6EAAABE2257FC021006758BF /* MyPageData.swift */; };
		6EAAABE8257FD647006758BF /* MyPageVCPickerView.swift in Sources */ = {isa = PBXBuildFile; fileRef = 6EAAABE7257FD647006758BF /* MyPageVCPickerView.swift */; };
		6EAAABF92580CFEC006758BF /* DonePickerView.swift in Sources */ = {isa = PBXBuildFile; fileRef = 6EAAABF82580CFEC006758BF /* DonePickerView.swift */; };
		6EBE4B5D25541BB000CA73E9 /* PartTimeVC.swift in Sources */ = {isa = PBXBuildFile; fileRef = 6EBE4B5925541BAF00CA73E9 /* PartTimeVC.swift */; };
		6EBE4B5E25541BB000CA73E9 /* PartTimeView.swift in Sources */ = {isa = PBXBuildFile; fileRef = 6EBE4B5C25541BAF00CA73E9 /* PartTimeView.swift */; };
		6EC1736A255C9B870023F365 /* PayList.swift in Sources */ = {isa = PBXBuildFile; fileRef = 6EC17369255C9B870023F365 /* PayList.swift */; };
		6EC1736F255CAFC30023F365 /* PartTimeVCModel.swift in Sources */ = {isa = PBXBuildFile; fileRef = 6EC1736E255CAFC30023F365 /* PartTimeVCModel.swift */; };
		6ED0728625529266000EE881 /* MainTabVC.swift in Sources */ = {isa = PBXBuildFile; fileRef = 6ED0728525529266000EE881 /* MainTabVC.swift */; };
		6ED072982552934A000EE881 /* MyPageVC.swift in Sources */ = {isa = PBXBuildFile; fileRef = 6ED072972552934A000EE881 /* MyPageVC.swift */; };
		6EFF5B112553F715007BAAF2 /* HomeVC.swift in Sources */ = {isa = PBXBuildFile; fileRef = 6EFF5B072553F715007BAAF2 /* HomeVC.swift */; };
		6EFF5B122553F715007BAAF2 /* Design.swift in Sources */ = {isa = PBXBuildFile; fileRef = 6EFF5B092553F715007BAAF2 /* Design.swift */; };
		6EFF5B132553F715007BAAF2 /* HomeView.swift in Sources */ = {isa = PBXBuildFile; fileRef = 6EFF5B0B2553F715007BAAF2 /* HomeView.swift */; };
		88CF12C0348C3923C0735665 /* Pods_ForPigPyo.framework in Frameworks */ = {isa = PBXBuildFile; fileRef = 817331743512060A35C6AD95 /* Pods_ForPigPyo.framework */; };
/* End PBXBuildFile section */

/* Begin PBXContainerItemProxy section */
		6E8CFFE3255175390002D202 /* PBXContainerItemProxy */ = {
			isa = PBXContainerItemProxy;
			containerPortal = 6E8CFFC1255175350002D202 /* Project object */;
			proxyType = 1;
			remoteGlobalIDString = 6E8CFFC8255175350002D202;
			remoteInfo = ForPigPyo;
		};
		6E8CFFEE255175390002D202 /* PBXContainerItemProxy */ = {
			isa = PBXContainerItemProxy;
			containerPortal = 6E8CFFC1255175350002D202 /* Project object */;
			proxyType = 1;
			remoteGlobalIDString = 6E8CFFC8255175350002D202;
			remoteInfo = ForPigPyo;
		};
/* End PBXContainerItemProxy section */

/* Begin PBXFileReference section */
		69905FD33D62068D7289E2D0 /* Pods-ForPigPyo.release.xcconfig */ = {isa = PBXFileReference; includeInIndex = 1; lastKnownFileType = text.xcconfig; name = "Pods-ForPigPyo.release.xcconfig"; path = "Target Support Files/Pods-ForPigPyo/Pods-ForPigPyo.release.xcconfig"; sourceTree = "<group>"; };
		6E30889825541C43001D006F /* PartTimeCustomCell.swift */ = {isa = PBXFileReference; lastKnownFileType = sourcecode.swift; path = PartTimeCustomCell.swift; sourceTree = "<group>"; };
		6E807C772572740500337550 /* TextField.swift */ = {isa = PBXFileReference; lastKnownFileType = sourcecode.swift; path = TextField.swift; sourceTree = "<group>"; };
		6E807C80257288DC00337550 /* HomeVCImagePicker.swift */ = {isa = PBXFileReference; lastKnownFileType = sourcecode.swift; path = HomeVCImagePicker.swift; sourceTree = "<group>"; };
		6E807C8525728DD600337550 /* HomeVCModel.swift */ = {isa = PBXFileReference; lastKnownFileType = sourcecode.swift; path = HomeVCModel.swift; sourceTree = "<group>"; };
		6E8552FE2564FC880077302E /* PartTimeSaveView.swift */ = {isa = PBXFileReference; fileEncoding = 4; lastKnownFileType = sourcecode.swift; path = PartTimeSaveView.swift; sourceTree = "<group>"; };
		6E89CE1A25711A9200E40314 /* BMHANNA_11yrs_otf.otf */ = {isa = PBXFileReference; lastKnownFileType = file; path = BMHANNA_11yrs_otf.otf; sourceTree = "<group>"; };
		6E89CE1B25711A9200E40314 /* BMHANNAAir_otf.otf */ = {isa = PBXFileReference; lastKnownFileType = file; path = BMHANNAAir_otf.otf; sourceTree = "<group>"; };
		6E8CFFC9255175350002D202 /* ForPigPyo.app */ = {isa = PBXFileReference; explicitFileType = wrapper.application; includeInIndex = 0; path = ForPigPyo.app; sourceTree = BUILT_PRODUCTS_DIR; };
		6E8CFFCC255175350002D202 /* AppDelegate.swift */ = {isa = PBXFileReference; lastKnownFileType = sourcecode.swift; path = AppDelegate.swift; sourceTree = "<group>"; };
		6E8CFFD6255175350002D202 /* ForPigPyo.xcdatamodel */ = {isa = PBXFileReference; lastKnownFileType = wrapper.xcdatamodel; path = ForPigPyo.xcdatamodel; sourceTree = "<group>"; };
		6E8CFFD8255175380002D202 /* Assets.xcassets */ = {isa = PBXFileReference; lastKnownFileType = folder.assetcatalog; path = Assets.xcassets; sourceTree = "<group>"; };
		6E8CFFDB255175380002D202 /* Base */ = {isa = PBXFileReference; lastKnownFileType = file.storyboard; name = Base; path = Base.lproj/LaunchScreen.storyboard; sourceTree = "<group>"; };
		6E8CFFDD255175380002D202 /* Info.plist */ = {isa = PBXFileReference; lastKnownFileType = text.plist.xml; path = Info.plist; sourceTree = "<group>"; };
		6E8CFFE2255175390002D202 /* ForPigPyoTests.xctest */ = {isa = PBXFileReference; explicitFileType = wrapper.cfbundle; includeInIndex = 0; path = ForPigPyoTests.xctest; sourceTree = BUILT_PRODUCTS_DIR; };
		6E8CFFE6255175390002D202 /* ForPigPyoTests.swift */ = {isa = PBXFileReference; lastKnownFileType = sourcecode.swift; path = ForPigPyoTests.swift; sourceTree = "<group>"; };
		6E8CFFE8255175390002D202 /* Info.plist */ = {isa = PBXFileReference; lastKnownFileType = text.plist.xml; path = Info.plist; sourceTree = "<group>"; };
		6E8CFFED255175390002D202 /* ForPigPyoUITests.xctest */ = {isa = PBXFileReference; explicitFileType = wrapper.cfbundle; includeInIndex = 0; path = ForPigPyoUITests.xctest; sourceTree = BUILT_PRODUCTS_DIR; };
		6E8CFFF1255175390002D202 /* ForPigPyoUITests.swift */ = {isa = PBXFileReference; lastKnownFileType = sourcecode.swift; path = ForPigPyoUITests.swift; sourceTree = "<group>"; };
		6E8CFFF3255175390002D202 /* Info.plist */ = {isa = PBXFileReference; lastKnownFileType = text.plist.xml; path = Info.plist; sourceTree = "<group>"; };
		6E9076DE25794D3B0079C164 /* EmailVC.swift */ = {isa = PBXFileReference; lastKnownFileType = sourcecode.swift; path = EmailVC.swift; sourceTree = "<group>"; };
		6E9076F1257A52190079C164 /* EmailView.swift */ = {isa = PBXFileReference; lastKnownFileType = sourcecode.swift; path = EmailView.swift; sourceTree = "<group>"; };
		6EAAAB93257E3BC9006758BF /* MyPageVCModel.swift */ = {isa = PBXFileReference; lastKnownFileType = sourcecode.swift; path = MyPageVCModel.swift; sourceTree = "<group>"; };
		6EAAAB98257E694B006758BF /* HomeVCCollectionView.swift */ = {isa = PBXFileReference; lastKnownFileType = sourcecode.swift; path = HomeVCCollectionView.swift; sourceTree = "<group>"; };
		6EAAABA0257E6AE6006758BF /* PartTimeVCTableView.swift */ = {isa = PBXFileReference; lastKnownFileType = sourcecode.swift; path = PartTimeVCTableView.swift; sourceTree = "<group>"; };
		6EAAABA8257E6B89006758BF /* EmailVCMailCompose.swift */ = {isa = PBXFileReference; lastKnownFileType = sourcecode.swift; path = EmailVCMailCompose.swift; sourceTree = "<group>"; };
		6EAAABB3257E6BDD006758BF /* MyPageVCTableView.swift */ = {isa = PBXFileReference; lastKnownFileType = sourcecode.swift; path = MyPageVCTableView.swift; sourceTree = "<group>"; };
		6EAAABC3257E8275006758BF /* MyPageCustomCell.swift */ = {isa = PBXFileReference; lastKnownFileType = sourcecode.swift; path = MyPageCustomCell.swift; sourceTree = "<group>"; };
		6EAAABC8257E8322006758BF /* HomeCustomItem.swift */ = {isa = PBXFileReference; lastKnownFileType = sourcecode.swift; path = HomeCustomItem.swift; sourceTree = "<group>"; };
		6EAAABD5257E91B8006758BF /* MyPageHeaderCustomSection.swift */ = {isa = PBXFileReference; lastKnownFileType = sourcecode.swift; path = MyPageHeaderCustomSection.swift; sourceTree = "<group>"; };
		6EAAABDD257EA989006758BF /* EmailVCModel.swift */ = {isa = PBXFileReference; lastKnownFileType = sourcecode.swift; path = EmailVCModel.swift; sourceTree = "<group>"; };
		6EAAABE2257FC021006758BF /* MyPageData.swift */ = {isa = PBXFileReference; lastKnownFileType = sourcecode.swift; path = MyPageData.swift; sourceTree = "<group>"; };
		6EAAABE7257FD647006758BF /* MyPageVCPickerView.swift */ = {isa = PBXFileReference; lastKnownFileType = sourcecode.swift; path = MyPageVCPickerView.swift; sourceTree = "<group>"; };
		6EAAABF82580CFEC006758BF /* DonePickerView.swift */ = {isa = PBXFileReference; lastKnownFileType = sourcecode.swift; path = DonePickerView.swift; sourceTree = "<group>"; };
		6EBE4B5925541BAF00CA73E9 /* PartTimeVC.swift */ = {isa = PBXFileReference; fileEncoding = 4; lastKnownFileType = sourcecode.swift; path = PartTimeVC.swift; sourceTree = "<group>"; };
		6EBE4B5C25541BAF00CA73E9 /* PartTimeView.swift */ = {isa = PBXFileReference; fileEncoding = 4; lastKnownFileType = sourcecode.swift; path = PartTimeView.swift; sourceTree = "<group>"; };
		6EC17369255C9B870023F365 /* PayList.swift */ = {isa = PBXFileReference; lastKnownFileType = sourcecode.swift; path = PayList.swift; sourceTree = "<group>"; };
		6EC1736E255CAFC30023F365 /* PartTimeVCModel.swift */ = {isa = PBXFileReference; lastKnownFileType = sourcecode.swift; path = PartTimeVCModel.swift; sourceTree = "<group>"; };
		6ED0728525529266000EE881 /* MainTabVC.swift */ = {isa = PBXFileReference; fileEncoding = 4; lastKnownFileType = sourcecode.swift; path = MainTabVC.swift; sourceTree = "<group>"; };
		6ED072972552934A000EE881 /* MyPageVC.swift */ = {isa = PBXFileReference; lastKnownFileType = sourcecode.swift; path = MyPageVC.swift; sourceTree = "<group>"; };
		6EFF5B072553F715007BAAF2 /* HomeVC.swift */ = {isa = PBXFileReference; fileEncoding = 4; lastKnownFileType = sourcecode.swift; path = HomeVC.swift; sourceTree = "<group>"; };
		6EFF5B092553F715007BAAF2 /* Design.swift */ = {isa = PBXFileReference; fileEncoding = 4; lastKnownFileType = sourcecode.swift; path = Design.swift; sourceTree = "<group>"; };
		6EFF5B0B2553F715007BAAF2 /* HomeView.swift */ = {isa = PBXFileReference; fileEncoding = 4; lastKnownFileType = sourcecode.swift; path = HomeView.swift; sourceTree = "<group>"; };
		7E4E7425E63B7616B46F9271 /* Pods-ForPigPyo.debug.xcconfig */ = {isa = PBXFileReference; includeInIndex = 1; lastKnownFileType = text.xcconfig; name = "Pods-ForPigPyo.debug.xcconfig"; path = "Target Support Files/Pods-ForPigPyo/Pods-ForPigPyo.debug.xcconfig"; sourceTree = "<group>"; };
		817331743512060A35C6AD95 /* Pods_ForPigPyo.framework */ = {isa = PBXFileReference; explicitFileType = wrapper.framework; includeInIndex = 0; path = Pods_ForPigPyo.framework; sourceTree = BUILT_PRODUCTS_DIR; };
/* End PBXFileReference section */

/* Begin PBXFrameworksBuildPhase section */
		6E8CFFC6255175350002D202 /* Frameworks */ = {
			isa = PBXFrameworksBuildPhase;
			buildActionMask = 2147483647;
			files = (
				88CF12C0348C3923C0735665 /* Pods_ForPigPyo.framework in Frameworks */,
			);
			runOnlyForDeploymentPostprocessing = 0;
		};
		6E8CFFDF255175390002D202 /* Frameworks */ = {
			isa = PBXFrameworksBuildPhase;
			buildActionMask = 2147483647;
			files = (
			);
			runOnlyForDeploymentPostprocessing = 0;
		};
		6E8CFFEA255175390002D202 /* Frameworks */ = {
			isa = PBXFrameworksBuildPhase;
			buildActionMask = 2147483647;
			files = (
			);
			runOnlyForDeploymentPostprocessing = 0;
		};
/* End PBXFrameworksBuildPhase section */

/* Begin PBXGroup section */
		4DAD3C0F9256E88523BAE64B /* Pods */ = {
			isa = PBXGroup;
			children = (
				7E4E7425E63B7616B46F9271 /* Pods-ForPigPyo.debug.xcconfig */,
				69905FD33D62068D7289E2D0 /* Pods-ForPigPyo.release.xcconfig */,
			);
			path = Pods;
			sourceTree = "<group>";
		};
		6E057B2325517C160063444C /* MyPageVC */ = {
			isa = PBXGroup;
			children = (
				6E057B2525517C160063444C /* Model */,
				6E057B2625517C160063444C /* View */,
				6E057B2425517C160063444C /* Controller */,
				6ED072A725529970000EE881 /* Extension */,
			);
			path = MyPageVC;
			sourceTree = "<group>";
		};
		6E057B2425517C160063444C /* Controller */ = {
			isa = PBXGroup;
			children = (
				6ED072972552934A000EE881 /* MyPageVC.swift */,
			);
			path = Controller;
			sourceTree = "<group>";
		};
		6E057B2525517C160063444C /* Model */ = {
			isa = PBXGroup;
			children = (
				6EAAAB93257E3BC9006758BF /* MyPageVCModel.swift */,
				6EAAABE2257FC021006758BF /* MyPageData.swift */,
			);
			path = Model;
			sourceTree = "<group>";
		};
		6E057B2625517C160063444C /* View */ = {
			isa = PBXGroup;
			children = (
				6EAAABC3257E8275006758BF /* MyPageCustomCell.swift */,
				6EAAABD5257E91B8006758BF /* MyPageHeaderCustomSection.swift */,
				6EAAABF82580CFEC006758BF /* DonePickerView.swift */,
			);
			path = View;
			sourceTree = "<group>";
		};
		6E8C0002255175730002D202 /* MainTabVC */ = {
			isa = PBXGroup;
			children = (
				6ED0728525529266000EE881 /* MainTabVC.swift */,
			);
			path = MainTabVC;
			sourceTree = "<group>";
		};
		6E8CFFC0255175350002D202 = {
			isa = PBXGroup;
			children = (
				6E8CFFCB255175350002D202 /* ForPigPyo */,
				6E8CFFE5255175390002D202 /* ForPigPyoTests */,
				6E8CFFF0255175390002D202 /* ForPigPyoUITests */,
				6E8CFFCA255175350002D202 /* Products */,
				4DAD3C0F9256E88523BAE64B /* Pods */,
				AAE7274AAE7768BE1A808285 /* Frameworks */,
			);
			sourceTree = "<group>";
		};
		6E8CFFCA255175350002D202 /* Products */ = {
			isa = PBXGroup;
			children = (
				6E8CFFC9255175350002D202 /* ForPigPyo.app */,
				6E8CFFE2255175390002D202 /* ForPigPyoTests.xctest */,
				6E8CFFED255175390002D202 /* ForPigPyoUITests.xctest */,
			);
			name = Products;
			sourceTree = "<group>";
		};
		6E8CFFCB255175350002D202 /* ForPigPyo */ = {
			isa = PBXGroup;
			children = (
				6EAAABEC2580CBFA006758BF /* Extension */,
				6EA2C5862571132800E994A8 /* Design */,
				6E8CFFCC255175350002D202 /* AppDelegate.swift */,
				6E8C0002255175730002D202 /* MainTabVC */,
				6EFF5AFD2553F715007BAAF2 /* FirstTab */,
				6EFF5B182553F72B007BAAF2 /* LastTab */,
				6E8CFFD8255175380002D202 /* Assets.xcassets */,
				6E8CFFDA255175380002D202 /* LaunchScreen.storyboard */,
				6E8CFFDD255175380002D202 /* Info.plist */,
				6E8CFFD5255175350002D202 /* ForPigPyo.xcdatamodeld */,
			);
			path = ForPigPyo;
			sourceTree = "<group>";
		};
		6E8CFFE5255175390002D202 /* ForPigPyoTests */ = {
			isa = PBXGroup;
			children = (
				6E8CFFE6255175390002D202 /* ForPigPyoTests.swift */,
				6E8CFFE8255175390002D202 /* Info.plist */,
			);
			path = ForPigPyoTests;
			sourceTree = "<group>";
		};
		6E8CFFF0255175390002D202 /* ForPigPyoUITests */ = {
			isa = PBXGroup;
			children = (
				6E8CFFF1255175390002D202 /* ForPigPyoUITests.swift */,
				6E8CFFF3255175390002D202 /* Info.plist */,
			);
			path = ForPigPyoUITests;
			sourceTree = "<group>";
		};
		6E9076DA25794CE60079C164 /* EmailVC */ = {
			isa = PBXGroup;
			children = (
				6E9076DC25794D120079C164 /* Model */,
				6E9076DD25794D1C0079C164 /* View */,
				6E9076DB25794D050079C164 /* Controller */,
				6E9076F6257A64D30079C164 /* Extension */,
			);
			path = EmailVC;
			sourceTree = "<group>";
		};
		6E9076DB25794D050079C164 /* Controller */ = {
			isa = PBXGroup;
			children = (
				6E9076DE25794D3B0079C164 /* EmailVC.swift */,
			);
			path = Controller;
			sourceTree = "<group>";
		};
		6E9076DC25794D120079C164 /* Model */ = {
			isa = PBXGroup;
			children = (
				6EAAABDD257EA989006758BF /* EmailVCModel.swift */,
			);
			path = Model;
			sourceTree = "<group>";
		};
		6E9076DD25794D1C0079C164 /* View */ = {
			isa = PBXGroup;
			children = (
				6E9076F1257A52190079C164 /* EmailView.swift */,
			);
			path = View;
			sourceTree = "<group>";
		};
		6E9076F6257A64D30079C164 /* Extension */ = {
			isa = PBXGroup;
			children = (
				6EAAABA8257E6B89006758BF /* EmailVCMailCompose.swift */,
			);
			path = Extension;
			sourceTree = "<group>";
		};
		6EA06BD9255C7FED0070F062 /* Extension */ = {
			isa = PBXGroup;
			children = (
				6EAAABA0257E6AE6006758BF /* PartTimeVCTableView.swift */,
			);
			path = Extension;
			sourceTree = "<group>";
		};
		6EA2C5862571132800E994A8 /* Design */ = {
			isa = PBXGroup;
			children = (
				6EFF5B092553F715007BAAF2 /* Design.swift */,
				6E89CE1A25711A9200E40314 /* BMHANNA_11yrs_otf.otf */,
				6E89CE1B25711A9200E40314 /* BMHANNAAir_otf.otf */,
			);
			path = Design;
			sourceTree = "<group>";
		};
		6EAAABEC2580CBFA006758BF /* Extension */ = {
			isa = PBXGroup;
			children = (
				6E807C772572740500337550 /* TextField.swift */,
			);
			path = Extension;
			sourceTree = "<group>";
		};
		6EBE4B5725541BAF00CA73E9 /* PartTimeVC */ = {
			isa = PBXGroup;
			children = (
				6EBE4B5A25541BAF00CA73E9 /* Model */,
				6EBE4B5B25541BAF00CA73E9 /* View */,
				6EBE4B5825541BAF00CA73E9 /* Controller */,
				6EA06BD9255C7FED0070F062 /* Extension */,
			);
			name = PartTimeVC;
			path = ForPigPyo/FirstTab/PartTimeVC;
			sourceTree = SOURCE_ROOT;
		};
		6EBE4B5825541BAF00CA73E9 /* Controller */ = {
			isa = PBXGroup;
			children = (
				6EBE4B5925541BAF00CA73E9 /* PartTimeVC.swift */,
			);
			path = Controller;
			sourceTree = "<group>";
		};
		6EBE4B5A25541BAF00CA73E9 /* Model */ = {
			isa = PBXGroup;
			children = (
				6EC17369255C9B870023F365 /* PayList.swift */,
				6EC1736E255CAFC30023F365 /* PartTimeVCModel.swift */,
			);
			path = Model;
			sourceTree = "<group>";
		};
		6EBE4B5B25541BAF00CA73E9 /* View */ = {
			isa = PBXGroup;
			children = (
				6EBE4B5C25541BAF00CA73E9 /* PartTimeView.swift */,
				6E30889825541C43001D006F /* PartTimeCustomCell.swift */,
				6E8552FE2564FC880077302E /* PartTimeSaveView.swift */,
			);
			path = View;
			sourceTree = "<group>";
		};
		6ED072A725529970000EE881 /* Extension */ = {
			isa = PBXGroup;
			children = (
				6EAAABB3257E6BDD006758BF /* MyPageVCTableView.swift */,
				6EAAABE7257FD647006758BF /* MyPageVCPickerView.swift */,
			);
			path = Extension;
			sourceTree = "<group>";
		};
		6EFF5AFD2553F715007BAAF2 /* FirstTab */ = {
			isa = PBXGroup;
			children = (
				6EFF5B0D2553F715007BAAF2 /* HomeVC */,
				6EBE4B5725541BAF00CA73E9 /* PartTimeVC */,
				6E9076DA25794CE60079C164 /* EmailVC */,
			);
			path = FirstTab;
			sourceTree = "<group>";
		};
		6EFF5AFE2553F715007BAAF2 /* Extension */ = {
			isa = PBXGroup;
			children = (
				6EAAAB98257E694B006758BF /* HomeVCCollectionView.swift */,
				6E807C80257288DC00337550 /* HomeVCImagePicker.swift */,
			);
			path = Extension;
			sourceTree = "<group>";
		};
		6EFF5B062553F715007BAAF2 /* Controller */ = {
			isa = PBXGroup;
			children = (
				6EFF5B072553F715007BAAF2 /* HomeVC.swift */,
			);
			path = Controller;
			sourceTree = "<group>";
		};
		6EFF5B082553F715007BAAF2 /* Model */ = {
			isa = PBXGroup;
			children = (
				6E807C8525728DD600337550 /* HomeVCModel.swift */,
			);
			path = Model;
			sourceTree = "<group>";
		};
		6EFF5B0A2553F715007BAAF2 /* View */ = {
			isa = PBXGroup;
			children = (
				6EFF5B0B2553F715007BAAF2 /* HomeView.swift */,
				6EAAABC8257E8322006758BF /* HomeCustomItem.swift */,
			);
			path = View;
			sourceTree = "<group>";
		};
		6EFF5B0D2553F715007BAAF2 /* HomeVC */ = {
			isa = PBXGroup;
			children = (
				6EFF5B082553F715007BAAF2 /* Model */,
				6EFF5B0A2553F715007BAAF2 /* View */,
				6EFF5B062553F715007BAAF2 /* Controller */,
				6EFF5AFE2553F715007BAAF2 /* Extension */,
			);
			path = HomeVC;
			sourceTree = "<group>";
		};
		6EFF5B182553F72B007BAAF2 /* LastTab */ = {
			isa = PBXGroup;
			children = (
				6E057B2325517C160063444C /* MyPageVC */,
			);
			path = LastTab;
			sourceTree = "<group>";
		};
		AAE7274AAE7768BE1A808285 /* Frameworks */ = {
			isa = PBXGroup;
			children = (
				817331743512060A35C6AD95 /* Pods_ForPigPyo.framework */,
			);
			name = Frameworks;
			sourceTree = "<group>";
		};
/* End PBXGroup section */

/* Begin PBXNativeTarget section */
		6E8CFFC8255175350002D202 /* ForPigPyo */ = {
			isa = PBXNativeTarget;
			buildConfigurationList = 6E8CFFF6255175390002D202 /* Build configuration list for PBXNativeTarget "ForPigPyo" */;
			buildPhases = (
				2446A45806E43183401BF8C6 /* [CP] Check Pods Manifest.lock */,
				D23AB8ADF62471C698DC003A /* [CP] Prepare Artifacts */,
				6E8CFFC5255175350002D202 /* Sources */,
				6E8CFFC6255175350002D202 /* Frameworks */,
				6E8CFFC7255175350002D202 /* Resources */,
				A88DCC0CBAB5E994FF825FCF /* [CP] Embed Pods Frameworks */,
			);
			buildRules = (
			);
			dependencies = (
			);
			name = ForPigPyo;
			productName = ForPigPyo;
			productReference = 6E8CFFC9255175350002D202 /* ForPigPyo.app */;
			productType = "com.apple.product-type.application";
		};
		6E8CFFE1255175390002D202 /* ForPigPyoTests */ = {
			isa = PBXNativeTarget;
			buildConfigurationList = 6E8CFFF9255175390002D202 /* Build configuration list for PBXNativeTarget "ForPigPyoTests" */;
			buildPhases = (
				6E8CFFDE255175390002D202 /* Sources */,
				6E8CFFDF255175390002D202 /* Frameworks */,
				6E8CFFE0255175390002D202 /* Resources */,
			);
			buildRules = (
			);
			dependencies = (
				6E8CFFE4255175390002D202 /* PBXTargetDependency */,
			);
			name = ForPigPyoTests;
			productName = ForPigPyoTests;
			productReference = 6E8CFFE2255175390002D202 /* ForPigPyoTests.xctest */;
			productType = "com.apple.product-type.bundle.unit-test";
		};
		6E8CFFEC255175390002D202 /* ForPigPyoUITests */ = {
			isa = PBXNativeTarget;
			buildConfigurationList = 6E8CFFFC255175390002D202 /* Build configuration list for PBXNativeTarget "ForPigPyoUITests" */;
			buildPhases = (
				6E8CFFE9255175390002D202 /* Sources */,
				6E8CFFEA255175390002D202 /* Frameworks */,
				6E8CFFEB255175390002D202 /* Resources */,
			);
			buildRules = (
			);
			dependencies = (
				6E8CFFEF255175390002D202 /* PBXTargetDependency */,
			);
			name = ForPigPyoUITests;
			productName = ForPigPyoUITests;
			productReference = 6E8CFFED255175390002D202 /* ForPigPyoUITests.xctest */;
			productType = "com.apple.product-type.bundle.ui-testing";
		};
/* End PBXNativeTarget section */

/* Begin PBXProject section */
		6E8CFFC1255175350002D202 /* Project object */ = {
			isa = PBXProject;
			attributes = {
				LastSwiftUpdateCheck = 1210;
				LastUpgradeCheck = 1210;
				ORGANIZATIONNAME = SloWax;
				TargetAttributes = {
					6E8CFFC8255175350002D202 = {
						CreatedOnToolsVersion = 12.1;
					};
					6E8CFFE1255175390002D202 = {
						CreatedOnToolsVersion = 12.1;
						TestTargetID = 6E8CFFC8255175350002D202;
					};
					6E8CFFEC255175390002D202 = {
						CreatedOnToolsVersion = 12.1;
						TestTargetID = 6E8CFFC8255175350002D202;
					};
				};
			};
			buildConfigurationList = 6E8CFFC4255175350002D202 /* Build configuration list for PBXProject "ForPigPyo" */;
			compatibilityVersion = "Xcode 9.3";
			developmentRegion = en;
			hasScannedForEncodings = 0;
			knownRegions = (
				en,
				Base,
			);
			mainGroup = 6E8CFFC0255175350002D202;
			productRefGroup = 6E8CFFCA255175350002D202 /* Products */;
			projectDirPath = "";
			projectRoot = "";
			targets = (
				6E8CFFC8255175350002D202 /* ForPigPyo */,
				6E8CFFE1255175390002D202 /* ForPigPyoTests */,
				6E8CFFEC255175390002D202 /* ForPigPyoUITests */,
			);
		};
/* End PBXProject section */

/* Begin PBXResourcesBuildPhase section */
		6E8CFFC7255175350002D202 /* Resources */ = {
			isa = PBXResourcesBuildPhase;
			buildActionMask = 2147483647;
			files = (
				6E8CFFDC255175380002D202 /* LaunchScreen.storyboard in Resources */,
				6E89CE1C25711A9200E40314 /* BMHANNA_11yrs_otf.otf in Resources */,
				6E89CE1F25711A9200E40314 /* BMHANNAAir_otf.otf in Resources */,
				6E8CFFD9255175380002D202 /* Assets.xcassets in Resources */,
			);
			runOnlyForDeploymentPostprocessing = 0;
		};
		6E8CFFE0255175390002D202 /* Resources */ = {
			isa = PBXResourcesBuildPhase;
			buildActionMask = 2147483647;
			files = (
				6E89CE2025711A9200E40314 /* BMHANNAAir_otf.otf in Resources */,
				6E89CE1D25711A9200E40314 /* BMHANNA_11yrs_otf.otf in Resources */,
			);
			runOnlyForDeploymentPostprocessing = 0;
		};
		6E8CFFEB255175390002D202 /* Resources */ = {
			isa = PBXResourcesBuildPhase;
			buildActionMask = 2147483647;
			files = (
				6E89CE2125711A9200E40314 /* BMHANNAAir_otf.otf in Resources */,
				6E89CE1E25711A9200E40314 /* BMHANNA_11yrs_otf.otf in Resources */,
			);
			runOnlyForDeploymentPostprocessing = 0;
		};
/* End PBXResourcesBuildPhase section */

/* Begin PBXShellScriptBuildPhase section */
		2446A45806E43183401BF8C6 /* [CP] Check Pods Manifest.lock */ = {
			isa = PBXShellScriptBuildPhase;
			buildActionMask = 2147483647;
			files = (
			);
			inputFileListPaths = (
			);
			inputPaths = (
				"${PODS_PODFILE_DIR_PATH}/Podfile.lock",
				"${PODS_ROOT}/Manifest.lock",
			);
			name = "[CP] Check Pods Manifest.lock";
			outputFileListPaths = (
			);
			outputPaths = (
				"$(DERIVED_FILE_DIR)/Pods-ForPigPyo-checkManifestLockResult.txt",
			);
			runOnlyForDeploymentPostprocessing = 0;
			shellPath = /bin/sh;
			shellScript = "diff \"${PODS_PODFILE_DIR_PATH}/Podfile.lock\" \"${PODS_ROOT}/Manifest.lock\" > /dev/null\nif [ $? != 0 ] ; then\n    # print error to STDERR\n    echo \"error: The sandbox is not in sync with the Podfile.lock. Run 'pod install' or update your CocoaPods installation.\" >&2\n    exit 1\nfi\n# This output is used by Xcode 'outputs' to avoid re-running this script phase.\necho \"SUCCESS\" > \"${SCRIPT_OUTPUT_FILE_0}\"\n";
			showEnvVarsInLog = 0;
		};
		A88DCC0CBAB5E994FF825FCF /* [CP] Embed Pods Frameworks */ = {
			isa = PBXShellScriptBuildPhase;
			buildActionMask = 2147483647;
			files = (
			);
			inputFileListPaths = (
				"${PODS_ROOT}/Target Support Files/Pods-ForPigPyo/Pods-ForPigPyo-frameworks-${CONFIGURATION}-input-files.xcfilelist",
			);
			name = "[CP] Embed Pods Frameworks";
			outputFileListPaths = (
				"${PODS_ROOT}/Target Support Files/Pods-ForPigPyo/Pods-ForPigPyo-frameworks-${CONFIGURATION}-output-files.xcfilelist",
			);
			runOnlyForDeploymentPostprocessing = 0;
			shellPath = /bin/sh;
			shellScript = "\"${PODS_ROOT}/Target Support Files/Pods-ForPigPyo/Pods-ForPigPyo-frameworks.sh\"\n";
			showEnvVarsInLog = 0;
		};
		D23AB8ADF62471C698DC003A /* [CP] Prepare Artifacts */ = {
			isa = PBXShellScriptBuildPhase;
			buildActionMask = 2147483647;
			files = (
			);
			inputFileListPaths = (
				"${PODS_ROOT}/Target Support Files/Pods-ForPigPyo/Pods-ForPigPyo-artifacts-${CONFIGURATION}-input-files.xcfilelist",
			);
			name = "[CP] Prepare Artifacts";
			outputFileListPaths = (
				"${PODS_ROOT}/Target Support Files/Pods-ForPigPyo/Pods-ForPigPyo-artifacts-${CONFIGURATION}-output-files.xcfilelist",
			);
			runOnlyForDeploymentPostprocessing = 0;
			shellPath = /bin/sh;
			shellScript = "\"${PODS_ROOT}/Target Support Files/Pods-ForPigPyo/Pods-ForPigPyo-artifacts.sh\"\n";
			showEnvVarsInLog = 0;
		};
/* End PBXShellScriptBuildPhase section */

/* Begin PBXSourcesBuildPhase section */
		6E8CFFC5255175350002D202 /* Sources */ = {
			isa = PBXSourcesBuildPhase;
			buildActionMask = 2147483647;
			files = (
				6EAAAB99257E694B006758BF /* HomeVCCollectionView.swift in Sources */,
				6E807C81257288DC00337550 /* HomeVCImagePicker.swift in Sources */,
				6EFF5B112553F715007BAAF2 /* HomeVC.swift in Sources */,
				6EAAABC9257E8322006758BF /* HomeCustomItem.swift in Sources */,
				6E807C782572740500337550 /* TextField.swift in Sources */,
				6EAAABA9257E6B89006758BF /* EmailVCMailCompose.swift in Sources */,
				6E9076F2257A52190079C164 /* EmailView.swift in Sources */,
				6E807C8625728DD600337550 /* HomeVCModel.swift in Sources */,
				6EAAABF92580CFEC006758BF /* DonePickerView.swift in Sources */,
				6EAAAB94257E3BC9006758BF /* MyPageVCModel.swift in Sources */,
				6EC1736F255CAFC30023F365 /* PartTimeVCModel.swift in Sources */,
				6EFF5B132553F715007BAAF2 /* HomeView.swift in Sources */,
				6E8CFFD7255175350002D202 /* ForPigPyo.xcdatamodeld in Sources */,
				6EAAABA1257E6AE6006758BF /* PartTimeVCTableView.swift in Sources */,
				6E8552FF2564FC880077302E /* PartTimeSaveView.swift in Sources */,
				6E30889925541C43001D006F /* PartTimeCustomCell.swift in Sources */,
				6EAAABC4257E8275006758BF /* MyPageCustomCell.swift in Sources */,
				6EBE4B5D25541BB000CA73E9 /* PartTimeVC.swift in Sources */,
				6EAAABDE257EA989006758BF /* EmailVCModel.swift in Sources */,
				6EC1736A255C9B870023F365 /* PayList.swift in Sources */,
				6EAAABD6257E91B8006758BF /* MyPageHeaderCustomSection.swift in Sources */,
				6EAAABE3257FC021006758BF /* MyPageData.swift in Sources */,
				6EAAABE8257FD647006758BF /* MyPageVCPickerView.swift in Sources */,
				6ED072982552934A000EE881 /* MyPageVC.swift in Sources */,
				6EAAABB4257E6BDD006758BF /* MyPageVCTableView.swift in Sources */,
				6E8CFFCD255175350002D202 /* AppDelegate.swift in Sources */,
				6EBE4B5E25541BB000CA73E9 /* PartTimeView.swift in Sources */,
				6ED0728625529266000EE881 /* MainTabVC.swift in Sources */,
				6EFF5B122553F715007BAAF2 /* Design.swift in Sources */,
				6E9076DF25794D3B0079C164 /* EmailVC.swift in Sources */,
			);
			runOnlyForDeploymentPostprocessing = 0;
		};
		6E8CFFDE255175390002D202 /* Sources */ = {
			isa = PBXSourcesBuildPhase;
			buildActionMask = 2147483647;
			files = (
				6E8CFFE7255175390002D202 /* ForPigPyoTests.swift in Sources */,
			);
			runOnlyForDeploymentPostprocessing = 0;
		};
		6E8CFFE9255175390002D202 /* Sources */ = {
			isa = PBXSourcesBuildPhase;
			buildActionMask = 2147483647;
			files = (
				6E8CFFF2255175390002D202 /* ForPigPyoUITests.swift in Sources */,
			);
			runOnlyForDeploymentPostprocessing = 0;
		};
/* End PBXSourcesBuildPhase section */

/* Begin PBXTargetDependency section */
		6E8CFFE4255175390002D202 /* PBXTargetDependency */ = {
			isa = PBXTargetDependency;
			target = 6E8CFFC8255175350002D202 /* ForPigPyo */;
			targetProxy = 6E8CFFE3255175390002D202 /* PBXContainerItemProxy */;
		};
		6E8CFFEF255175390002D202 /* PBXTargetDependency */ = {
			isa = PBXTargetDependency;
			target = 6E8CFFC8255175350002D202 /* ForPigPyo */;
			targetProxy = 6E8CFFEE255175390002D202 /* PBXContainerItemProxy */;
		};
/* End PBXTargetDependency section */

/* Begin PBXVariantGroup section */
		6E8CFFDA255175380002D202 /* LaunchScreen.storyboard */ = {
			isa = PBXVariantGroup;
			children = (
				6E8CFFDB255175380002D202 /* Base */,
			);
			name = LaunchScreen.storyboard;
			sourceTree = "<group>";
		};
/* End PBXVariantGroup section */

/* Begin XCBuildConfiguration section */
		6E8CFFF4255175390002D202 /* Debug */ = {
			isa = XCBuildConfiguration;
			buildSettings = {
				ALWAYS_SEARCH_USER_PATHS = NO;
				CLANG_ANALYZER_NONNULL = YES;
				CLANG_ANALYZER_NUMBER_OBJECT_CONVERSION = YES_AGGRESSIVE;
				CLANG_CXX_LANGUAGE_STANDARD = "gnu++14";
				CLANG_CXX_LIBRARY = "libc++";
				CLANG_ENABLE_MODULES = YES;
				CLANG_ENABLE_OBJC_ARC = YES;
				CLANG_ENABLE_OBJC_WEAK = YES;
				CLANG_WARN_BLOCK_CAPTURE_AUTORELEASING = YES;
				CLANG_WARN_BOOL_CONVERSION = YES;
				CLANG_WARN_COMMA = YES;
				CLANG_WARN_CONSTANT_CONVERSION = YES;
				CLANG_WARN_DEPRECATED_OBJC_IMPLEMENTATIONS = YES;
				CLANG_WARN_DIRECT_OBJC_ISA_USAGE = YES_ERROR;
				CLANG_WARN_DOCUMENTATION_COMMENTS = YES;
				CLANG_WARN_EMPTY_BODY = YES;
				CLANG_WARN_ENUM_CONVERSION = YES;
				CLANG_WARN_INFINITE_RECURSION = YES;
				CLANG_WARN_INT_CONVERSION = YES;
				CLANG_WARN_NON_LITERAL_NULL_CONVERSION = YES;
				CLANG_WARN_OBJC_IMPLICIT_RETAIN_SELF = YES;
				CLANG_WARN_OBJC_LITERAL_CONVERSION = YES;
				CLANG_WARN_OBJC_ROOT_CLASS = YES_ERROR;
				CLANG_WARN_QUOTED_INCLUDE_IN_FRAMEWORK_HEADER = YES;
				CLANG_WARN_RANGE_LOOP_ANALYSIS = YES;
				CLANG_WARN_STRICT_PROTOTYPES = YES;
				CLANG_WARN_SUSPICIOUS_MOVE = YES;
				CLANG_WARN_UNGUARDED_AVAILABILITY = YES_AGGRESSIVE;
				CLANG_WARN_UNREACHABLE_CODE = YES;
				CLANG_WARN__DUPLICATE_METHOD_MATCH = YES;
				COPY_PHASE_STRIP = NO;
				DEBUG_INFORMATION_FORMAT = dwarf;
				ENABLE_STRICT_OBJC_MSGSEND = YES;
				ENABLE_TESTABILITY = YES;
				GCC_C_LANGUAGE_STANDARD = gnu11;
				GCC_DYNAMIC_NO_PIC = NO;
				GCC_NO_COMMON_BLOCKS = YES;
				GCC_OPTIMIZATION_LEVEL = 0;
				GCC_PREPROCESSOR_DEFINITIONS = (
					"DEBUG=1",
					"$(inherited)",
				);
				GCC_WARN_64_TO_32_BIT_CONVERSION = YES;
				GCC_WARN_ABOUT_RETURN_TYPE = YES_ERROR;
				GCC_WARN_UNDECLARED_SELECTOR = YES;
				GCC_WARN_UNINITIALIZED_AUTOS = YES_AGGRESSIVE;
				GCC_WARN_UNUSED_FUNCTION = YES;
				GCC_WARN_UNUSED_VARIABLE = YES;
				IPHONEOS_DEPLOYMENT_TARGET = 13.0;
				MTL_ENABLE_DEBUG_INFO = INCLUDE_SOURCE;
				MTL_FAST_MATH = YES;
				ONLY_ACTIVE_ARCH = YES;
				SDKROOT = iphoneos;
				SWIFT_ACTIVE_COMPILATION_CONDITIONS = DEBUG;
				SWIFT_OPTIMIZATION_LEVEL = "-Onone";
			};
			name = Debug;
		};
		6E8CFFF5255175390002D202 /* Release */ = {
			isa = XCBuildConfiguration;
			buildSettings = {
				ALWAYS_SEARCH_USER_PATHS = NO;
				CLANG_ANALYZER_NONNULL = YES;
				CLANG_ANALYZER_NUMBER_OBJECT_CONVERSION = YES_AGGRESSIVE;
				CLANG_CXX_LANGUAGE_STANDARD = "gnu++14";
				CLANG_CXX_LIBRARY = "libc++";
				CLANG_ENABLE_MODULES = YES;
				CLANG_ENABLE_OBJC_ARC = YES;
				CLANG_ENABLE_OBJC_WEAK = YES;
				CLANG_WARN_BLOCK_CAPTURE_AUTORELEASING = YES;
				CLANG_WARN_BOOL_CONVERSION = YES;
				CLANG_WARN_COMMA = YES;
				CLANG_WARN_CONSTANT_CONVERSION = YES;
				CLANG_WARN_DEPRECATED_OBJC_IMPLEMENTATIONS = YES;
				CLANG_WARN_DIRECT_OBJC_ISA_USAGE = YES_ERROR;
				CLANG_WARN_DOCUMENTATION_COMMENTS = YES;
				CLANG_WARN_EMPTY_BODY = YES;
				CLANG_WARN_ENUM_CONVERSION = YES;
				CLANG_WARN_INFINITE_RECURSION = YES;
				CLANG_WARN_INT_CONVERSION = YES;
				CLANG_WARN_NON_LITERAL_NULL_CONVERSION = YES;
				CLANG_WARN_OBJC_IMPLICIT_RETAIN_SELF = YES;
				CLANG_WARN_OBJC_LITERAL_CONVERSION = YES;
				CLANG_WARN_OBJC_ROOT_CLASS = YES_ERROR;
				CLANG_WARN_QUOTED_INCLUDE_IN_FRAMEWORK_HEADER = YES;
				CLANG_WARN_RANGE_LOOP_ANALYSIS = YES;
				CLANG_WARN_STRICT_PROTOTYPES = YES;
				CLANG_WARN_SUSPICIOUS_MOVE = YES;
				CLANG_WARN_UNGUARDED_AVAILABILITY = YES_AGGRESSIVE;
				CLANG_WARN_UNREACHABLE_CODE = YES;
				CLANG_WARN__DUPLICATE_METHOD_MATCH = YES;
				COPY_PHASE_STRIP = NO;
				DEBUG_INFORMATION_FORMAT = "dwarf-with-dsym";
				ENABLE_NS_ASSERTIONS = NO;
				ENABLE_STRICT_OBJC_MSGSEND = YES;
				GCC_C_LANGUAGE_STANDARD = gnu11;
				GCC_NO_COMMON_BLOCKS = YES;
				GCC_WARN_64_TO_32_BIT_CONVERSION = YES;
				GCC_WARN_ABOUT_RETURN_TYPE = YES_ERROR;
				GCC_WARN_UNDECLARED_SELECTOR = YES;
				GCC_WARN_UNINITIALIZED_AUTOS = YES_AGGRESSIVE;
				GCC_WARN_UNUSED_FUNCTION = YES;
				GCC_WARN_UNUSED_VARIABLE = YES;
				IPHONEOS_DEPLOYMENT_TARGET = 13.0;
				MTL_ENABLE_DEBUG_INFO = NO;
				MTL_FAST_MATH = YES;
				SDKROOT = iphoneos;
				SWIFT_COMPILATION_MODE = wholemodule;
				SWIFT_OPTIMIZATION_LEVEL = "-O";
				VALIDATE_PRODUCT = YES;
			};
			name = Release;
		};
		6E8CFFF7255175390002D202 /* Debug */ = {
			isa = XCBuildConfiguration;
			baseConfigurationReference = 7E4E7425E63B7616B46F9271 /* Pods-ForPigPyo.debug.xcconfig */;
			buildSettings = {
				ASSETCATALOG_COMPILER_APPICON_NAME = AppIcon;
				ASSETCATALOG_COMPILER_GLOBAL_ACCENT_COLOR_NAME = AccentColor;
				CODE_SIGN_STYLE = Automatic;
				CURRENT_PROJECT_VERSION = 261;
				DEVELOPMENT_TEAM = 3799SNND63;
				INFOPLIST_FILE = ForPigPyo/Info.plist;
				IPHONEOS_DEPLOYMENT_TARGET = 13.0;
				LD_RUNPATH_SEARCH_PATHS = (
					"$(inherited)",
					"@executable_path/Frameworks",
				);
				PRODUCT_BUNDLE_IDENTIFIER = SloWax.ForPigPyo;
				PRODUCT_NAME = "$(TARGET_NAME)";
				SWIFT_VERSION = 5.0;
				TARGETED_DEVICE_FAMILY = 1;
			};
			name = Debug;
		};
		6E8CFFF8255175390002D202 /* Release */ = {
			isa = XCBuildConfiguration;
			baseConfigurationReference = 69905FD33D62068D7289E2D0 /* Pods-ForPigPyo.release.xcconfig */;
			buildSettings = {
				ASSETCATALOG_COMPILER_APPICON_NAME = AppIcon;
				ASSETCATALOG_COMPILER_GLOBAL_ACCENT_COLOR_NAME = AccentColor;
				CODE_SIGN_STYLE = Automatic;
				CURRENT_PROJECT_VERSION = 261;
				DEVELOPMENT_TEAM = 3799SNND63;
				INFOPLIST_FILE = ForPigPyo/Info.plist;
				IPHONEOS_DEPLOYMENT_TARGET = 13.0;
				LD_RUNPATH_SEARCH_PATHS = (
					"$(inherited)",
					"@executable_path/Frameworks",
				);
				PRODUCT_BUNDLE_IDENTIFIER = SloWax.ForPigPyo;
				PRODUCT_NAME = "$(TARGET_NAME)";
				SWIFT_VERSION = 5.0;
				TARGETED_DEVICE_FAMILY = 1;
			};
			name = Release;
		};
		6E8CFFFA255175390002D202 /* Debug */ = {
			isa = XCBuildConfiguration;
			buildSettings = {
				ALWAYS_EMBED_SWIFT_STANDARD_LIBRARIES = YES;
				BUNDLE_LOADER = "$(TEST_HOST)";
				CODE_SIGN_STYLE = Automatic;
				DEVELOPMENT_TEAM = 3799SNND63;
				INFOPLIST_FILE = ForPigPyoTests/Info.plist;
				IPHONEOS_DEPLOYMENT_TARGET = 14.1;
				LD_RUNPATH_SEARCH_PATHS = (
					"$(inherited)",
					"@executable_path/Frameworks",
					"@loader_path/Frameworks",
				);
				PRODUCT_BUNDLE_IDENTIFIER = individual.ForPigPyoTests;
				PRODUCT_NAME = "$(TARGET_NAME)";
				SWIFT_VERSION = 5.0;
				TARGETED_DEVICE_FAMILY = "1,2";
				TEST_HOST = "$(BUILT_PRODUCTS_DIR)/ForPigPyo.app/ForPigPyo";
			};
			name = Debug;
		};
		6E8CFFFB255175390002D202 /* Release */ = {
			isa = XCBuildConfiguration;
			buildSettings = {
				ALWAYS_EMBED_SWIFT_STANDARD_LIBRARIES = YES;
				BUNDLE_LOADER = "$(TEST_HOST)";
				CODE_SIGN_STYLE = Automatic;
				DEVELOPMENT_TEAM = 3799SNND63;
				INFOPLIST_FILE = ForPigPyoTests/Info.plist;
				IPHONEOS_DEPLOYMENT_TARGET = 14.1;
				LD_RUNPATH_SEARCH_PATHS = (
					"$(inherited)",
					"@executable_path/Frameworks",
					"@loader_path/Frameworks",
				);
				PRODUCT_BUNDLE_IDENTIFIER = individual.ForPigPyoTests;
				PRODUCT_NAME = "$(TARGET_NAME)";
				SWIFT_VERSION = 5.0;
				TARGETED_DEVICE_FAMILY = "1,2";
				TEST_HOST = "$(BUILT_PRODUCTS_DIR)/ForPigPyo.app/ForPigPyo";
			};
			name = Release;
		};
		6E8CFFFD255175390002D202 /* Debug */ = {
			isa = XCBuildConfiguration;
			buildSettings = {
				ALWAYS_EMBED_SWIFT_STANDARD_LIBRARIES = YES;
				CODE_SIGN_STYLE = Automatic;
				DEVELOPMENT_TEAM = 3799SNND63;
				INFOPLIST_FILE = ForPigPyoUITests/Info.plist;
				LD_RUNPATH_SEARCH_PATHS = (
					"$(inherited)",
					"@executable_path/Frameworks",
					"@loader_path/Frameworks",
				);
				PRODUCT_BUNDLE_IDENTIFIER = individual.ForPigPyoUITests;
				PRODUCT_NAME = "$(TARGET_NAME)";
				SWIFT_VERSION = 5.0;
				TARGETED_DEVICE_FAMILY = "1,2";
				TEST_TARGET_NAME = ForPigPyo;
			};
			name = Debug;
		};
		6E8CFFFE255175390002D202 /* Release */ = {
			isa = XCBuildConfiguration;
			buildSettings = {
				ALWAYS_EMBED_SWIFT_STANDARD_LIBRARIES = YES;
				CODE_SIGN_STYLE = Automatic;
				DEVELOPMENT_TEAM = 3799SNND63;
				INFOPLIST_FILE = ForPigPyoUITests/Info.plist;
				LD_RUNPATH_SEARCH_PATHS = (
					"$(inherited)",
					"@executable_path/Frameworks",
					"@loader_path/Frameworks",
				);
				PRODUCT_BUNDLE_IDENTIFIER = individual.ForPigPyoUITests;
				PRODUCT_NAME = "$(TARGET_NAME)";
				SWIFT_VERSION = 5.0;
				TARGETED_DEVICE_FAMILY = "1,2";
				TEST_TARGET_NAME = ForPigPyo;
			};
			name = Release;
		};
/* End XCBuildConfiguration section */

/* Begin XCConfigurationList section */
		6E8CFFC4255175350002D202 /* Build configuration list for PBXProject "ForPigPyo" */ = {
			isa = XCConfigurationList;
			buildConfigurations = (
				6E8CFFF4255175390002D202 /* Debug */,
				6E8CFFF5255175390002D202 /* Release */,
			);
			defaultConfigurationIsVisible = 0;
			defaultConfigurationName = Release;
		};
		6E8CFFF6255175390002D202 /* Build configuration list for PBXNativeTarget "ForPigPyo" */ = {
			isa = XCConfigurationList;
			buildConfigurations = (
				6E8CFFF7255175390002D202 /* Debug */,
				6E8CFFF8255175390002D202 /* Release */,
			);
			defaultConfigurationIsVisible = 0;
			defaultConfigurationName = Release;
		};
		6E8CFFF9255175390002D202 /* Build configuration list for PBXNativeTarget "ForPigPyoTests" */ = {
			isa = XCConfigurationList;
			buildConfigurations = (
				6E8CFFFA255175390002D202 /* Debug */,
				6E8CFFFB255175390002D202 /* Release */,
			);
			defaultConfigurationIsVisible = 0;
			defaultConfigurationName = Release;
		};
		6E8CFFFC255175390002D202 /* Build configuration list for PBXNativeTarget "ForPigPyoUITests" */ = {
			isa = XCConfigurationList;
			buildConfigurations = (
				6E8CFFFD255175390002D202 /* Debug */,
				6E8CFFFE255175390002D202 /* Release */,
			);
			defaultConfigurationIsVisible = 0;
			defaultConfigurationName = Release;
		};
/* End XCConfigurationList section */

/* Begin XCVersionGroup section */
		6E8CFFD5255175350002D202 /* ForPigPyo.xcdatamodeld */ = {
			isa = XCVersionGroup;
			children = (
				6E8CFFD6255175350002D202 /* ForPigPyo.xcdatamodel */,
			);
			currentVersion = 6E8CFFD6255175350002D202 /* ForPigPyo.xcdatamodel */;
			path = ForPigPyo.xcdatamodeld;
			sourceTree = "<group>";
			versionGroupType = wrapper.xcdatamodel;
		};
/* End XCVersionGroup section */
	};
	rootObject = 6E8CFFC1255175350002D202 /* Project object */;
}
